
Microsoft Visual Studio Solution File, Format Version 12.00
Project("{FAE04EC0-301F-11D3-BF4B-00C04F79EFBC}") = "HabitTracker", "HabitTracker\HabitTracker.csproj", "{29BDB2F5-682C-44F8-8857-EEEDD9F2263C}"
EndProject
Global
	GlobalSection(SolutionConfigurationPlatforms) = preSolution
		Debug|Any CPU = Debug|Any CPU
		Release|Any CPU = Release|Any CPU
	EndGlobalSection
	GlobalSection(ProjectConfigurationPlatforms) = postSolution
		{29BDB2F5-682C-44F8-8857-EEEDD9F2263C}.Debug|Any CPU.ActiveCfg = Debug|Any CPU
		{29BDB2F5-682C-44F8-8857-EEEDD9F2263C}.Debug|Any CPU.Build.0 = Debug|Any CPU
		{29BDB2F5-682C-44F8-8857-EEEDD9F2263C}.Release|Any CPU.ActiveCfg = Release|Any CPU
		{29BDB2F5-682C-44F8-8857-EEEDD9F2263C}.Release|Any CPU.Build.0 = Release|Any CPU
	EndGlobalSection
EndGlobal
